
Microsoft Visual Studio Solution File, Format Version 12.00
# Visual Studio Version 16
VisualStudioVersion = 16.0.29209.62
MinimumVisualStudioVersion = 10.0.40219.1
Project("{FAE04EC0-301F-11D3-BF4B-00C04F79EFBC}") = "proyectosMUNIVALPO", "proyectosMUNIVALPO.csproj", "{2D451DF0-B4FF-44E3-8535-B363577CF2E1}"
EndProject
Global
	GlobalSection(SolutionConfigurationPlatforms) = preSolution
		Debug|Any CPU = Debug|Any CPU
		Release|Any CPU = Release|Any CPU
	EndGlobalSection
	GlobalSection(ProjectConfigurationPlatforms) = postSolution
		{2D451DF0-B4FF-44E3-8535-B363577CF2E1}.Debug|Any CPU.ActiveCfg = Debug|Any CPU
		{2D451DF0-B4FF-44E3-8535-B363577CF2E1}.Debug|Any CPU.Build.0 = Debug|Any CPU
		{2D451DF0-B4FF-44E3-8535-B363577CF2E1}.Release|Any CPU.ActiveCfg = Release|Any CPU
		{2D451DF0-B4FF-44E3-8535-B363577CF2E1}.Release|Any CPU.Build.0 = Release|Any CPU
	EndGlobalSection
	GlobalSection(SolutionProperties) = preSolution
		HideSolutionNode = FALSE
	EndGlobalSection
	GlobalSection(ExtensibilityGlobals) = postSolution
		SolutionGuid = {2EF8ABF6-782D-4F85-9B6C-3D4DBBDF73D4}
	EndGlobalSection
EndGlobal
